# THIS IS AN AUTOGENERATED FILE. DO NOT EDIT THIS FILE DIRECTLY.
# yarn lockfile v1


leaflet-modal@^0.2.0:
  version "0.2.0"
  resolved "https://registry.yarnpkg.com/leaflet-modal/-/leaflet-modal-0.2.0.tgz#f631ba22d1f3a13ebf22a110c3f0686dc224c772"
  integrity sha512-vHg6RFk1fOu65oB6q5ENFiAWUA1xlefLqIPMnij58371+4odeprsaiNnO9E/Gct+5a/x1VsJJ9ekoHDd9/7Lhg==
  dependencies:
    leaflet "^1.6.0"

leaflet@^1.6.0:
  version "1.9.4"
  resolved "https://registry.yarnpkg.com/leaflet/-/leaflet-1.9.4.tgz#23fae724e282fa25745aff82ca4d394748db7d8d"
  integrity sha512-nxS1ynzJOmOlHp+iL3FyWqK89GtNL8U8rvlMOsQdTTssxZwCXh8N2NB3GDQOL+YR3XnWyZAxwQixURb+FA74PA==
